
Microsoft Visual Studio Solution File, Format Version 12.00
# Visual Studio Version 17
VisualStudioVersion = 17.10.35013.160
MinimumVisualStudioVersion = 10.0.40219.1
Project("{FAE04EC0-301F-11D3-BF4B-00C04F79EFBC}") = "CrudUsuariosStoredProcedureVideo", "CrudUsuariosStoredProcedureVideo\CrudUsuariosStoredProcedureVideo.csproj", "{AD238AAC-33F6-4746-89DC-3DCE848F7656}"
EndProject
Global
	GlobalSection(SolutionConfigurationPlatforms) = preSolution
		Debug|Any CPU = Debug|Any CPU
		Release|Any CPU = Release|Any CPU
	EndGlobalSection
	GlobalSection(ProjectConfigurationPlatforms) = postSolution
		{AD238AAC-33F6-4746-89DC-3DCE848F7656}.Debug|Any CPU.ActiveCfg = Debug|Any CPU
		{AD238AAC-33F6-4746-89DC-3DCE848F7656}.Debug|Any CPU.Build.0 = Debug|Any CPU
		{AD238AAC-33F6-4746-89DC-3DCE848F7656}.Release|Any CPU.ActiveCfg = Release|Any CPU
		{AD238AAC-33F6-4746-89DC-3DCE848F7656}.Release|Any CPU.Build.0 = Release|Any CPU
	EndGlobalSection
	GlobalSection(SolutionProperties) = preSolution
		HideSolutionNode = FALSE
	EndGlobalSection
	GlobalSection(ExtensibilityGlobals) = postSolution
		SolutionGuid = {EAAD6337-2D69-48EF-AB46-C7AF1A6BD818}
	EndGlobalSection
EndGlobal
